
Microsoft Visual Studio Solution File, Format Version 12.00
# Visual Studio 15
Project("{FAE04EC0-301F-11D3-BF4B-00C04F79EFBC}") = "VuforiaScripts", "VuforiaScripts.csproj", "{B8D75858-64FB-CCE5-017C-409E25065767}"
EndProject
Project("{FAE04EC0-301F-11D3-BF4B-00C04F79EFBC}") = "Assembly-CSharp", "Assembly-CSharp.csproj", "{53173103-004E-A604-9E71-7C43B22F7D8E}"
EndProject
Project("{FAE04EC0-301F-11D3-BF4B-00C04F79EFBC}") = "VuforiaEditorScripts", "VuforiaEditorScripts.csproj", "{69DB9E60-9BC9-BEA7-127E-F5F513C08E41}"
EndProject
Global
	GlobalSection(SolutionConfigurationPlatforms) = preSolution
		Debug|Any CPU = Debug|Any CPU
		Release|Any CPU = Release|Any CPU
	EndGlobalSection
	GlobalSection(ProjectConfigurationPlatforms) = postSolution
		{B8D75858-64FB-CCE5-017C-409E25065767}.Debug|Any CPU.ActiveCfg = Debug|Any CPU
		{B8D75858-64FB-CCE5-017C-409E25065767}.Debug|Any CPU.Build.0 = Debug|Any CPU
		{B8D75858-64FB-CCE5-017C-409E25065767}.Release|Any CPU.ActiveCfg = Release|Any CPU
		{B8D75858-64FB-CCE5-017C-409E25065767}.Release|Any CPU.Build.0 = Release|Any CPU
		{53173103-004E-A604-9E71-7C43B22F7D8E}.Debug|Any CPU.ActiveCfg = Debug|Any CPU
		{53173103-004E-A604-9E71-7C43B22F7D8E}.Debug|Any CPU.Build.0 = Debug|Any CPU
		{53173103-004E-A604-9E71-7C43B22F7D8E}.Release|Any CPU.ActiveCfg = Release|Any CPU
		{53173103-004E-A604-9E71-7C43B22F7D8E}.Release|Any CPU.Build.0 = Release|Any CPU
		{69DB9E60-9BC9-BEA7-127E-F5F513C08E41}.Debug|Any CPU.ActiveCfg = Debug|Any CPU
		{69DB9E60-9BC9-BEA7-127E-F5F513C08E41}.Debug|Any CPU.Build.0 = Debug|Any CPU
		{69DB9E60-9BC9-BEA7-127E-F5F513C08E41}.Release|Any CPU.ActiveCfg = Release|Any CPU
		{69DB9E60-9BC9-BEA7-127E-F5F513C08E41}.Release|Any CPU.Build.0 = Release|Any CPU
	EndGlobalSection
	GlobalSection(SolutionProperties) = preSolution
		HideSolutionNode = FALSE
	EndGlobalSection
EndGlobal
